// !$*UTF8*$!
{
	archiveVersion = 1;
	classes = {
	};
	objectVersion = 56;
	objects = {

/* Begin PBXBuildFile section */
		9415AF4B2B821F2D001DA3E3 /* NotificationView.swift in Sources */ = {isa = PBXBuildFile; fileRef = 9415AF472B821F2D001DA3E3 /* NotificationView.swift */; };
		9415AF4C2B821F2D001DA3E3 /* SettingsView.swift in Sources */ = {isa = PBXBuildFile; fileRef = 9415AF482B821F2D001DA3E3 /* SettingsView.swift */; };
		9415AF4D2B821F2D001DA3E3 /* HomeView.swift in Sources */ = {isa = PBXBuildFile; fileRef = 9415AF492B821F2D001DA3E3 /* HomeView.swift */; };
		9415AF502B821F86001DA3E3 /* ExploreView.swift in Sources */ = {isa = PBXBuildFile; fileRef = 9415AF4F2B821F86001DA3E3 /* ExploreView.swift */; };
		9415AF522B821FB1001DA3E3 /* ContentView.swift in Sources */ = {isa = PBXBuildFile; fileRef = 9415AF512B821FB1001DA3E3 /* ContentView.swift */; };
		94DF694A2B7B4B3800B8F60F /* event_plannerApp.swift in Sources */ = {isa = PBXBuildFile; fileRef = 94DF69492B7B4B3800B8F60F /* event_plannerApp.swift */; };
		94DF694E2B7B4B3D00B8F60F /* Assets.xcassets in Resources */ = {isa = PBXBuildFile; fileRef = 94DF694D2B7B4B3D00B8F60F /* Assets.xcassets */; };
		94DF69512B7B4B3D00B8F60F /* Preview Assets.xcassets in Resources */ = {isa = PBXBuildFile; fileRef = 94DF69502B7B4B3D00B8F60F /* Preview Assets.xcassets */; };
/* End PBXBuildFile section */

/* Begin PBXFileReference section */
		9415AF472B821F2D001DA3E3 /* NotificationView.swift */ = {isa = PBXFileReference; fileEncoding = 4; lastKnownFileType = sourcecode.swift; name = NotificationView.swift; path = ../../WhyNotTry/WhyNotTry/NotificationView.swift; sourceTree = "<group>"; };
		9415AF482B821F2D001DA3E3 /* SettingsView.swift */ = {isa = PBXFileReference; fileEncoding = 4; lastKnownFileType = sourcecode.swift; name = SettingsView.swift; path = ../../WhyNotTry/WhyNotTry/SettingsView.swift; sourceTree = "<group>"; };
		9415AF492B821F2D001DA3E3 /* HomeView.swift */ = {isa = PBXFileReference; fileEncoding = 4; lastKnownFileType = sourcecode.swift; name = HomeView.swift; path = ../../WhyNotTry/WhyNotTry/HomeView.swift; sourceTree = "<group>"; };
		9415AF4F2B821F86001DA3E3 /* ExploreView.swift */ = {isa = PBXFileReference; lastKnownFileType = sourcecode.swift; path = ExploreView.swift; sourceTree = "<group>"; };
		9415AF512B821FB1001DA3E3 /* ContentView.swift */ = {isa = PBXFileReference; fileEncoding = 4; lastKnownFileType = sourcecode.swift; name = ContentView.swift; path = ../../WhyNotTry/WhyNotTry/ContentView.swift; sourceTree = "<group>"; };
		94DF69462B7B4B3800B8F60F /* event-planner.app */ = {isa = PBXFileReference; explicitFileType = wrapper.application; includeInIndex = 0; path = "event-planner.app"; sourceTree = BUILT_PRODUCTS_DIR; };
		94DF69492B7B4B3800B8F60F /* event_plannerApp.swift */ = {isa = PBXFileReference; lastKnownFileType = sourcecode.swift; path = event_plannerApp.swift; sourceTree = "<group>"; };
		94DF694D2B7B4B3D00B8F60F /* Assets.xcassets */ = {isa = PBXFileReference; lastKnownFileType = folder.assetcatalog; path = Assets.xcassets; sourceTree = "<group>"; };
		94DF69502B7B4B3D00B8F60F /* Preview Assets.xcassets */ = {isa = PBXFileReference; lastKnownFileType = folder.assetcatalog; path = "Preview Assets.xcassets"; sourceTree = "<group>"; };
/* End PBXFileReference section */

/* Begin PBXFrameworksBuildPhase section */
		94DF69432B7B4B3800B8F60F /* Frameworks */ = {
			isa = PBXFrameworksBuildPhase;
			buildActionMask = 2147483647;
			files = (
			);
			runOnlyForDeploymentPostprocessing = 0;
		};
/* End PBXFrameworksBuildPhase section */

/* Begin PBXGroup section */
		94DF693D2B7B4B3800B8F60F = {
			isa = PBXGroup;
			children = (
				94DF69482B7B4B3800B8F60F /* event-planner */,
				94DF69472B7B4B3800B8F60F /* Products */,
			);
			sourceTree = "<group>";
		};
		94DF69472B7B4B3800B8F60F /* Products */ = {
			isa = PBXGroup;
			children = (
				94DF69462B7B4B3800B8F60F /* event-planner.app */,
			);
			name = Products;
			sourceTree = "<group>";
		};
		94DF69482B7B4B3800B8F60F /* event-planner */ = {
			isa = PBXGroup;
			children = (
				94DF69492B7B4B3800B8F60F /* event_plannerApp.swift */,
				9415AF492B821F2D001DA3E3 /* HomeView.swift */,
				9415AF472B821F2D001DA3E3 /* NotificationView.swift */,
				9415AF482B821F2D001DA3E3 /* SettingsView.swift */,
				9415AF512B821FB1001DA3E3 /* ContentView.swift */,
				9415AF4F2B821F86001DA3E3 /* ExploreView.swift */,
				94DF694D2B7B4B3D00B8F60F /* Assets.xcassets */,
				94DF694F2B7B4B3D00B8F60F /* Preview Content */,
			);
			path = "event-planner";
			sourceTree = "<group>";
		};
		94DF694F2B7B4B3D00B8F60F /* Preview Content */ = {
			isa = PBXGroup;
			children = (
				94DF69502B7B4B3D00B8F60F /* Preview Assets.xcassets */,
			);
			path = "Preview Content";
			sourceTree = "<group>";
		};
/* End PBXGroup section */

/* Begin PBXNativeTarget section */
		94DF69452B7B4B3800B8F60F /* event-planner */ = {
			isa = PBXNativeTarget;
			buildConfigurationList = 94DF69542B7B4B3D00B8F60F /* Build configuration list for PBXNativeTarget "event-planner" */;
			buildPhases = (
				94DF69422B7B4B3800B8F60F /* Sources */,
				94DF69432B7B4B3800B8F60F /* Frameworks */,
				94DF69442B7B4B3800B8F60F /* Resources */,
			);
			buildRules = (
			);
			dependencies = (
			);
			name = "event-planner";
			productName = "event-planner";
			productReference = 94DF69462B7B4B3800B8F60F /* event-planner.app */;
			productType = "com.apple.product-type.application";
		};
/* End PBXNativeTarget section */

/* Begin PBXProject section */
		94DF693E2B7B4B3800B8F60F /* Project object */ = {
			isa = PBXProject;
			attributes = {
				BuildIndependentTargetsInParallel = 1;
				LastSwiftUpdateCheck = 1520;
				LastUpgradeCheck = 1520;
				TargetAttributes = {
					94DF69452B7B4B3800B8F60F = {
						CreatedOnToolsVersion = 15.2;
					};
				};
			};
			buildConfigurationList = 94DF69412B7B4B3800B8F60F /* Build configuration list for PBXProject "event-planner" */;
			compatibilityVersion = "Xcode 14.0";
			developmentRegion = en;
			hasScannedForEncodings = 0;
			knownRegions = (
				en,
				Base,
			);
			mainGroup = 94DF693D2B7B4B3800B8F60F;
			productRefGroup = 94DF69472B7B4B3800B8F60F /* Products */;
			projectDirPath = "";
			projectRoot = "";
			targets = (
				94DF69452B7B4B3800B8F60F /* event-planner */,
			);
		};
/* End PBXProject section */

/* Begin PBXResourcesBuildPhase section */
		94DF69442B7B4B3800B8F60F /* Resources */ = {
			isa = PBXResourcesBuildPhase;
			buildActionMask = 2147483647;
			files = (
				94DF69512B7B4B3D00B8F60F /* Preview Assets.xcassets in Resources */,
				94DF694E2B7B4B3D00B8F60F /* Assets.xcassets in Resources */,
			);
			runOnlyForDeploymentPostprocessing = 0;
		};
/* End PBXResourcesBuildPhase section */

/* Begin PBXSourcesBuildPhase section */
		94DF69422B7B4B3800B8F60F /* Sources */ = {
			isa = PBXSourcesBuildPhase;
			buildActionMask = 2147483647;
			files = (
				9415AF4C2B821F2D001DA3E3 /* SettingsView.swift in Sources */,
				94DF694A2B7B4B3800B8F60F /* event_plannerApp.swift in Sources */,
				9415AF522B821FB1001DA3E3 /* ContentView.swift in Sources */,
				9415AF4D2B821F2D001DA3E3 /* HomeView.swift in Sources */,
				9415AF502B821F86001DA3E3 /* ExploreView.swift in Sources */,
				9415AF4B2B821F2D001DA3E3 /* NotificationView.swift in Sources */,
			);
			runOnlyForDeploymentPostprocessing = 0;
		};
/* End PBXSourcesBuildPhase section */

/* Begin XCBuildConfiguration section */
		94DF69522B7B4B3D00B8F60F /* Debug */ = {
			isa = XCBuildConfiguration;
			buildSettings = {
				ALWAYS_SEARCH_USER_PATHS = NO;
				ASSETCATALOG_COMPILER_GENERATE_SWIFT_ASSET_SYMBOL_EXTENSIONS = YES;
				CLANG_ANALYZER_NONNULL = YES;
				CLANG_ANALYZER_NUMBER_OBJECT_CONVERSION = YES_AGGRESSIVE;
				CLANG_CXX_LANGUAGE_STANDARD = "gnu++20";
				CLANG_ENABLE_MODULES = YES;
				CLANG_ENABLE_OBJC_ARC = YES;
				CLANG_ENABLE_OBJC_WEAK = YES;
				CLANG_WARN_BLOCK_CAPTURE_AUTORELEASING = YES;
				CLANG_WARN_BOOL_CONVERSION = YES;
				CLANG_WARN_COMMA = YES;
				CLANG_WARN_CONSTANT_CONVERSION = YES;
				CLANG_WARN_DEPRECATED_OBJC_IMPLEMENTATIONS = YES;
				CLANG_WARN_DIRECT_OBJC_ISA_USAGE = YES_ERROR;
				CLANG_WARN_DOCUMENTATION_COMMENTS = YES;
				CLANG_WARN_EMPTY_BODY = YES;
				CLANG_WARN_ENUM_CONVERSION = YES;
				CLANG_WARN_INFINITE_RECURSION = YES;
				CLANG_WARN_INT_CONVERSION = YES;
				CLANG_WARN_NON_LITERAL_NULL_CONVERSION = YES;
				CLANG_WARN_OBJC_IMPLICIT_RETAIN_SELF = YES;
				CLANG_WARN_OBJC_LITERAL_CONVERSION = YES;
				CLANG_WARN_OBJC_ROOT_CLASS = YES_ERROR;
				CLANG_WARN_QUOTED_INCLUDE_IN_FRAMEWORK_HEADER = YES;
				CLANG_WARN_RANGE_LOOP_ANALYSIS = YES;
				CLANG_WARN_STRICT_PROTOTYPES = YES;
				CLANG_WARN_SUSPICIOUS_MOVE = YES;
				CLANG_WARN_UNGUARDED_AVAILABILITY = YES_AGGRESSIVE;
				CLANG_WARN_UNREACHABLE_CODE = YES;
				CLANG_WARN__DUPLICATE_METHOD_MATCH = YES;
				COPY_PHASE_STRIP = NO;
				DEBUG_INFORMATION_FORMAT = dwarf;
				ENABLE_STRICT_OBJC_MSGSEND = YES;
				ENABLE_TESTABILITY = YES;
				ENABLE_USER_SCRIPT_SANDBOXING = YES;
				GCC_C_LANGUAGE_STANDARD = gnu17;
				GCC_DYNAMIC_NO_PIC = NO;
				GCC_NO_COMMON_BLOCKS = YES;
				GCC_OPTIMIZATION_LEVEL = 0;
				GCC_PREPROCESSOR_DEFINITIONS = (
					"DEBUG=1",
					"$(inherited)",
				);
				GCC_WARN_64_TO_32_BIT_CONVERSION = YES;
				GCC_WARN_ABOUT_RETURN_TYPE = YES_ERROR;
				GCC_WARN_UNDECLARED_SELECTOR = YES;
				GCC_WARN_UNINITIALIZED_AUTOS = YES_AGGRESSIVE;
				GCC_WARN_UNUSED_FUNCTION = YES;
				GCC_WARN_UNUSED_VARIABLE = YES;
				IPHONEOS_DEPLOYMENT_TARGET = 17.2;
				LOCALIZATION_PREFERS_STRING_CATALOGS = YES;
				MTL_ENABLE_DEBUG_INFO = INCLUDE_SOURCE;
				MTL_FAST_MATH = YES;
				ONLY_ACTIVE_ARCH = YES;
				SDKROOT = iphoneos;
				SWIFT_ACTIVE_COMPILATION_CONDITIONS = "DEBUG $(inherited)";
				SWIFT_OPTIMIZATION_LEVEL = "-Onone";
			};
			name = Debug;
		};
		94DF69532B7B4B3D00B8F60F /* Release */ = {
			isa = XCBuildConfiguration;
			buildSettings = {
				ALWAYS_SEARCH_USER_PATHS = NO;
				ASSETCATALOG_COMPILER_GENERATE_SWIFT_ASSET_SYMBOL_EXTENSIONS = YES;
				CLANG_ANALYZER_NONNULL = YES;
				CLANG_ANALYZER_NUMBER_OBJECT_CONVERSION = YES_AGGRESSIVE;
				CLANG_CXX_LANGUAGE_STANDARD = "gnu++20";
				CLANG_ENABLE_MODULES = YES;
				CLANG_ENABLE_OBJC_ARC = YES;
				CLANG_ENABLE_OBJC_WEAK = YES;
				CLANG_WARN_BLOCK_CAPTURE_AUTORELEASING = YES;
				CLANG_WARN_BOOL_CONVERSION = YES;
				CLANG_WARN_COMMA = YES;
				CLANG_WARN_CONSTANT_CONVERSION = YES;
				CLANG_WARN_DEPRECATED_OBJC_IMPLEMENTATIONS = YES;
				CLANG_WARN_DIRECT_OBJC_ISA_USAGE = YES_ERROR;
				CLANG_WARN_DOCUMENTATION_COMMENTS = YES;
				CLANG_WARN_EMPTY_BODY = YES;
				CLANG_WARN_ENUM_CONVERSION = YES;
				CLANG_WARN_INFINITE_RECURSION = YES;
				CLANG_WARN_INT_CONVERSION = YES;
				CLANG_WARN_NON_LITERAL_NULL_CONVERSION = YES;
				CLANG_WARN_OBJC_IMPLICIT_RETAIN_SELF = YES;
				CLANG_WARN_OBJC_LITERAL_CONVERSION = YES;
				CLANG_WARN_OBJC_ROOT_CLASS = YES_ERROR;
				CLANG_WARN_QUOTED_INCLUDE_IN_FRAMEWORK_HEADER = YES;
				CLANG_WARN_RANGE_LOOP_ANALYSIS = YES;
				CLANG_WARN_STRICT_PROTOTYPES = YES;
				CLANG_WARN_SUSPICIOUS_MOVE = YES;
				CLANG_WARN_UNGUARDED_AVAILABILITY = YES_AGGRESSIVE;
				CLANG_WARN_UNREACHABLE_CODE = YES;
				CLANG_WARN__DUPLICATE_METHOD_MATCH = YES;
				COPY_PHASE_STRIP = NO;
				DEBUG_INFORMATION_FORMAT = "dwarf-with-dsym";
				ENABLE_NS_ASSERTIONS = NO;
				ENABLE_STRICT_OBJC_MSGSEND = YES;
				ENABLE_USER_SCRIPT_SANDBOXING = YES;
				GCC_C_LANGUAGE_STANDARD = gnu17;
				GCC_NO_COMMON_BLOCKS = YES;
				GCC_WARN_64_TO_32_BIT_CONVERSION = YES;
				GCC_WARN_ABOUT_RETURN_TYPE = YES_ERROR;
				GCC_WARN_UNDECLARED_SELECTOR = YES;
				GCC_WARN_UNINITIALIZED_AUTOS = YES_AGGRESSIVE;
				GCC_WARN_UNUSED_FUNCTION = YES;
				GCC_WARN_UNUSED_VARIABLE = YES;
				IPHONEOS_DEPLOYMENT_TARGET = 17.2;
				LOCALIZATION_PREFERS_STRING_CATALOGS = YES;
				MTL_ENABLE_DEBUG_INFO = NO;
				MTL_FAST_MATH = YES;
				SDKROOT = iphoneos;
				SWIFT_COMPILATION_MODE = wholemodule;
				VALIDATE_PRODUCT = YES;
			};
			name = Release;
		};
		94DF69552B7B4B3D00B8F60F /* Debug */ = {
			isa = XCBuildConfiguration;
			buildSettings = {
				ASSETCATALOG_COMPILER_APPICON_NAME = AppIcon;
				ASSETCATALOG_COMPILER_GLOBAL_ACCENT_COLOR_NAME = AccentColor;
				CODE_SIGN_STYLE = Automatic;
				CURRENT_PROJECT_VERSION = 1;
				DEVELOPMENT_ASSET_PATHS = "\"event-planner/Preview Content\"";
				ENABLE_PREVIEWS = YES;
				GENERATE_INFOPLIST_FILE = YES;
				INFOPLIST_KEY_UIApplicationSceneManifest_Generation = YES;
				INFOPLIST_KEY_UIApplicationSupportsIndirectInputEvents = YES;
				INFOPLIST_KEY_UILaunchScreen_Generation = YES;
				INFOPLIST_KEY_UISupportedInterfaceOrientations_iPad = "UIInterfaceOrientationPortrait UIInterfaceOrientationPortraitUpsideDown UIInterfaceOrientationLandscapeLeft UIInterfaceOrientationLandscapeRight";
				INFOPLIST_KEY_UISupportedInterfaceOrientations_iPhone = "UIInterfaceOrientationPortrait UIInterfaceOrientationLandscapeLeft UIInterfaceOrientationLandscapeRight";
				LD_RUNPATH_SEARCH_PATHS = (
					"$(inherited)",
					"@executable_path/Frameworks",
				);
				MARKETING_VERSION = 1.0;
				PRODUCT_BUNDLE_IDENTIFIER = "com.ubeezy.event-planner";
				PRODUCT_NAME = "$(TARGET_NAME)";
				SWIFT_EMIT_LOC_STRINGS = YES;
				SWIFT_VERSION = 5.0;
				TARGETED_DEVICE_FAMILY = "1,2";
			};
			name = Debug;
		};
		94DF69562B7B4B3D00B8F60F /* Release */ = {
			isa = XCBuildConfiguration;
			buildSettings = {
				ASSETCATALOG_COMPILER_APPICON_NAME = AppIcon;
				ASSETCATALOG_COMPILER_GLOBAL_ACCENT_COLOR_NAME = AccentColor;
				CODE_SIGN_STYLE = Automatic;
				CURRENT_PROJECT_VERSION = 1;
				DEVELOPMENT_ASSET_PATHS = "\"event-planner/Preview Content\"";
				ENABLE_PREVIEWS = YES;
				GENERATE_INFOPLIST_FILE = YES;
				INFOPLIST_KEY_UIApplicationSceneManifest_Generation = YES;
				INFOPLIST_KEY_UIApplicationSupportsIndirectInputEvents = YES;
				INFOPLIST_KEY_UILaunchScreen_Generation = YES;
				INFOPLIST_KEY_UISupportedInterfaceOrientations_iPad = "UIInterfaceOrientationPortrait UIInterfaceOrientationPortraitUpsideDown UIInterfaceOrientationLandscapeLeft UIInterfaceOrientationLandscapeRight";
				INFOPLIST_KEY_UISupportedInterfaceOrientations_iPhone = "UIInterfaceOrientationPortrait UIInterfaceOrientationLandscapeLeft UIInterfaceOrientationLandscapeRight";
				LD_RUNPATH_SEARCH_PATHS = (
					"$(inherited)",
					"@executable_path/Frameworks",
				);
				MARKETING_VERSION = 1.0;
				PRODUCT_BUNDLE_IDENTIFIER = "com.ubeezy.event-planner";
				PRODUCT_NAME = "$(TARGET_NAME)";
				SWIFT_EMIT_LOC_STRINGS = YES;
				SWIFT_VERSION = 5.0;
				TARGETED_DEVICE_FAMILY = "1,2";
			};
			name = Release;
		};
/* End XCBuildConfiguration section */

/* Begin XCConfigurationList section */
		94DF69412B7B4B3800B8F60F /* Build configuration list for PBXProject "event-planner" */ = {
			isa = XCConfigurationList;
			buildConfigurations = (
				94DF69522B7B4B3D00B8F60F /* Debug */,
				94DF69532B7B4B3D00B8F60F /* Release */,
			);
			defaultConfigurationIsVisible = 0;
			defaultConfigurationName = Release;
		};
		94DF69542B7B4B3D00B8F60F /* Build configuration list for PBXNativeTarget "event-planner" */ = {
			isa = XCConfigurationList;
			buildConfigurations = (
				94DF69552B7B4B3D00B8F60F /* Debug */,
				94DF69562B7B4B3D00B8F60F /* Release */,
			);
			defaultConfigurationIsVisible = 0;
			defaultConfigurationName = Release;
		};
/* End XCConfigurationList section */
	};
	rootObject = 94DF693E2B7B4B3800B8F60F /* Project object */;
}
